github.com/bsm/ginkgo/v2 v2.12.0/go.mod h1:SwYbGRRDovPVboqFv0tPTcG1sN61LM1Z4ARdbAV9g4c=
github.com/bsm/gomega v1.27.10/go.mod h1:JyEr/xRbxbtgWNi8tIEVPUYZ5Dzef52k01W3YH0H+O0=
github.com/cespare/xxhash/v2 v2.2.0 h1:DC2CZ1Ep5Y4k3ZQ899DldepgrayRUGE6BBZ/cd9Cj44=
github.com/cespare/xxhash/v2 v2.2.0/go.mod h1:VGX0DQ3Q6kWi7AoAeZDth3/j3BFtOZR5XLFGgcrjCOs=
github.com/coreos/etcd v2.3.8+incompatible h1:Lkp5dgqMANTjq0UW74OP1H8yCDQT0In4jrw6xfcNlGE=
github.com/coreos/etcd v2.3.8+incompatible/go.mod h1:uF7uidLiAD3TWHmW31ZFd/JWoc32PjwdhPthX9715RE=
github.com/dgryski/go-rendezvous v0.0.0-20200823014737-9f7001d12a5f h1:lO4WD4F/rVNCu3HqELle0jiPLLBs70cWOduZpkS1E78=
github.com/dgryski/go-rendezvous v0.0.0-20200823014737-9f7001d12a5f/go.mod h1:cuUVRXasLTGF7a8hSLbxyZXjz+1KgoB3wDUb6vlszIc=
github.com/go-redis/redis v6.15.9+incompatible h1:K0pv1D7EQUjfyoMql+r/jZqCLizCGKFlFgcHWWmHQjg=
github.com/go-redis/redis v6.15.9+incompatible/go.mod h1:NAIEuMOZ/fxfXJIrKDQDz8wamY7mA7PouImQ2Jvg6kA=
github.com/redis/go-redis v6.15.9+incompatible h1:F+tnlesQSl3h9V8DdmtcYFdvkHLhbb7AgcLW6UJxnC4=
github.com/redis/go-redis v6.15.9+incompatible/go.mod h1:ic6dLmR0d9rkHSzaa0Ab3QVRZcjopJ9hSSPCrecj/+s=
github.com/redis/go-redis/v9 v9.6.2 h1:w0uvkRbc9KpgD98zcvo5IrVUsn0lXpRMuhNgiHDJzdk=
github.com/redis/go-redis/v9 v9.6.2/go.mod h1:0C0c6ycQsdpVNQpxb1njEQIqkx5UcsM8FJCQLgE9+RA=
golang.org/x/mod v0.21.0/go.mod h1:6SkKJ3Xj0I0BrPOZoBy3bdMptDDU9oJrpohJ3eWZ1fY=
golang.org/x/sync v0.8.0/go.mod h1:Czt+wKu1gCyEFDUtn0jG5QVvpJ6rzVqr5aXyt9drQfk=
golang.org/x/sys v0.26.0/go.mod h1:/VUhepiaJMQUp4+oa/7Zr1D23ma6VTLIYjOOTFZPUcA=
golang.org/x/telemetry v0.0.0-20241004145657-5eebfecbdf1f h1:ZYeTr2+AUYPLt6ZdXsnUUHem8NJbgmZaHisnB21BOz0=
golang.org/x/telemetry v0.0.0-20241004145657-5eebfecbdf1f/go.mod h1:uskmY3Y2C5OU/HAtQlc9Jq98qE2bf7H3kCPFgkab838=
